
Microsoft Visual Studio Solution File, Format Version 12.00
# Visual Studio Version 17
VisualStudioVersion = 17.11.35208.52
MinimumVisualStudioVersion = 10.0.40219.1
Project("{9A19103F-16F7-4668-BE54-9A1E7A4F7556}") = "SonicServer", "SonicServer\SonicServer.csproj", "{82E18595-EBE6-465D-9ABA-F899E1EF5955}"
EndProject
Project("{FAE04EC0-301F-11D3-BF4B-00C04F79EFBC}") = "SonicServerGUI", "SonicServerGUI\SonicServerGUI.csproj", "{1B904782-5AD2-4E5D-9BC8-3A466221BD6D}"
EndProject
Global
	GlobalSection(SolutionConfigurationPlatforms) = preSolution
		Debug|Any CPU = Debug|Any CPU
		Release|Any CPU = Release|Any CPU
	EndGlobalSection
	GlobalSection(ProjectConfigurationPlatforms) = postSolution
		{82E18595-EBE6-465D-9ABA-F899E1EF5955}.Debug|Any CPU.ActiveCfg = Debug|Any CPU
		{82E18595-EBE6-465D-9ABA-F899E1EF5955}.Debug|Any CPU.Build.0 = Debug|Any CPU
		{82E18595-EBE6-465D-9ABA-F899E1EF5955}.Release|Any CPU.ActiveCfg = Release|Any CPU
		{82E18595-EBE6-465D-9ABA-F899E1EF5955}.Release|Any CPU.Build.0 = Release|Any CPU
		{1B904782-5AD2-4E5D-9BC8-3A466221BD6D}.Debug|Any CPU.ActiveCfg = Debug|Any CPU
		{1B904782-5AD2-4E5D-9BC8-3A466221BD6D}.Debug|Any CPU.Build.0 = Debug|Any CPU
		{1B904782-5AD2-4E5D-9BC8-3A466221BD6D}.Release|Any CPU.ActiveCfg = Release|Any CPU
		{1B904782-5AD2-4E5D-9BC8-3A466221BD6D}.Release|Any CPU.Build.0 = Release|Any CPU
	EndGlobalSection
	GlobalSection(SolutionProperties) = preSolution
		HideSolutionNode = FALSE
	EndGlobalSection
	GlobalSection(ExtensibilityGlobals) = postSolution
		SolutionGuid = {7B8BF7EE-5B78-44B9-BB92-F74BE07FA1E7}
	EndGlobalSection
EndGlobal
