
Microsoft Visual Studio Solution File, Format Version 12.00
Project("{FAE04EC0-301F-11D3-BF4B-00C04F79EFBC}") = "SonicServer", "SonicServer\SonicServer.csproj", "{82E18595-EBE6-465D-9ABA-F899E1EF5955}"
EndProject
Global
	GlobalSection(SolutionConfigurationPlatforms) = preSolution
		Debug|Any CPU = Debug|Any CPU
		Release|Any CPU = Release|Any CPU
	EndGlobalSection
	GlobalSection(ProjectConfigurationPlatforms) = postSolution
		{82E18595-EBE6-465D-9ABA-F899E1EF5955}.Debug|Any CPU.ActiveCfg = Debug|Any CPU
		{82E18595-EBE6-465D-9ABA-F899E1EF5955}.Debug|Any CPU.Build.0 = Debug|Any CPU
		{82E18595-EBE6-465D-9ABA-F899E1EF5955}.Release|Any CPU.ActiveCfg = Release|Any CPU
		{82E18595-EBE6-465D-9ABA-F899E1EF5955}.Release|Any CPU.Build.0 = Release|Any CPU
	EndGlobalSection
EndGlobal
